
Microsoft Visual Studio Solution File, Format Version 12.00
# Visual Studio 15
VisualStudioVersion = 15.0.27130.2026
MinimumVisualStudioVersion = 10.0.40219.1
Project("{8BC9CEB8-8B4A-11D0-8D11-00A0C91BC942}") = "InjX86", "InjX86\InjX86\InjX86.vcxproj", "{4C39B637-255A-4E50-A8BD-B4064511F9E7}"
EndProject
Project("{2150E333-8FDC-42A3-9474-1A3956D46DE8}") = "Native", "Native", "{84C07C6B-7B9D-4A1B-9C54-EFCF4B2D79B5}"
EndProject
Project("{2150E333-8FDC-42A3-9474-1A3956D46DE8}") = "Client", "Client", "{AD1F1887-296A-40E2-80D3-0834D99BBD2A}"
EndProject
Project("{FAE04EC0-301F-11D3-BF4B-00C04F79EFBC}") = "Aeon.Internal", "Aeon.Internal\Aeon.Internal.csproj", "{647C83CD-2021-46B5-97C7-C92732EC3F91}"
EndProject
Project("{8BC9CEB8-8B4A-11D0-8D11-00A0C91BC942}") = "Mapping64", "Mapping64\Mapping64.vcxproj", "{AA8F5190-51A0-477B-953B-2B0BF231341A}"
EndProject
Project("{8BC9CEB8-8B4A-11D0-8D11-00A0C91BC942}") = "Tools64", "Tools64\Tools64.vcxproj", "{D5C937E8-978E-4408-856C-FF207A2C8361}"
EndProject
Project("{FAE04EC0-301F-11D3-BF4B-00C04F79EFBC}") = "Plugin", "Plugin\Plugin.csproj", "{6DB056AA-F282-47D8-8342-2B39DFFB48EA}"
EndProject
Project("{FAE04EC0-301F-11D3-BF4B-00C04F79EFBC}") = "Aeon.Core", "Aeon.Core\Aeon.Core.csproj", "{56B634DB-1521-4944-B228-8375B50C53A4}"
EndProject
Project("{FAE04EC0-301F-11D3-BF4B-00C04F79EFBC}") = "Launcher", "Launcher\Launcher.csproj", "{4C3A785E-A506-4562-9481-2309981E1CCA}"
EndProject
Project("{8BC9CEB8-8B4A-11D0-8D11-00A0C91BC942}") = "Aeon.Tools", "Aeon.Tools\Aeon.Tools.vcxproj", "{7DF22BF8-1149-430A-9134-47FADD867CFA}"
EndProject
Project("{2150E333-8FDC-42A3-9474-1A3956D46DE8}") = "x64", "x64", "{413A0C6F-5731-4B85-B4D3-BFEB260B9650}"
EndProject
Project("{2150E333-8FDC-42A3-9474-1A3956D46DE8}") = "x32", "x32", "{BA10D299-7A0F-4A06-9B7D-89FAE4618667}"
EndProject
Project("{8BC9CEB8-8B4A-11D0-8D11-00A0C91BC942}") = "MappingTests", "MappingTests\MappingTests.vcxproj", "{06502B48-0E6A-4AC2-A901-B3F46FF2C58C}"
EndProject
Project("{FAE04EC0-301F-11D3-BF4B-00C04F79EFBC}") = "Tests", "Tests\Tests.csproj", "{744CD4E4-5D23-4614-BC78-F9054CF7481C}"
EndProject
Project("{8BC9CEB8-8B4A-11D0-8D11-00A0C91BC942}") = "Hook64", "Hook64\Hook64.vcxproj", "{B1C4C505-1C6A-4B0D-8E21-630FFA74B8FF}"
EndProject
Global
	GlobalSection(SolutionConfigurationPlatforms) = preSolution
		Debug|Any CPU = Debug|Any CPU
		Debug|x64 = Debug|x64
		Debug|x86 = Debug|x86
		Release|Any CPU = Release|Any CPU
		Release|x64 = Release|x64
		Release|x86 = Release|x86
	EndGlobalSection
	GlobalSection(ProjectConfigurationPlatforms) = postSolution
		{4C39B637-255A-4E50-A8BD-B4064511F9E7}.Debug|Any CPU.ActiveCfg = Debug|Win32
		{4C39B637-255A-4E50-A8BD-B4064511F9E7}.Debug|Any CPU.Build.0 = Debug|Win32
		{4C39B637-255A-4E50-A8BD-B4064511F9E7}.Debug|x64.ActiveCfg = Debug|Win32
		{4C39B637-255A-4E50-A8BD-B4064511F9E7}.Debug|x64.Build.0 = Debug|Win32
		{4C39B637-255A-4E50-A8BD-B4064511F9E7}.Debug|x86.ActiveCfg = Debug|Win32
		{4C39B637-255A-4E50-A8BD-B4064511F9E7}.Debug|x86.Build.0 = Debug|Win32
		{4C39B637-255A-4E50-A8BD-B4064511F9E7}.Release|Any CPU.ActiveCfg = Release|Win32
		{4C39B637-255A-4E50-A8BD-B4064511F9E7}.Release|Any CPU.Build.0 = Release|Win32
		{4C39B637-255A-4E50-A8BD-B4064511F9E7}.Release|x64.ActiveCfg = Release|x64
		{4C39B637-255A-4E50-A8BD-B4064511F9E7}.Release|x64.Build.0 = Release|x64
		{4C39B637-255A-4E50-A8BD-B4064511F9E7}.Release|x86.ActiveCfg = Release|Win32
		{4C39B637-255A-4E50-A8BD-B4064511F9E7}.Release|x86.Build.0 = Release|Win32
		{647C83CD-2021-46B5-97C7-C92732EC3F91}.Debug|Any CPU.ActiveCfg = Debug|Any CPU
		{647C83CD-2021-46B5-97C7-C92732EC3F91}.Debug|Any CPU.Build.0 = Debug|Any CPU
		{647C83CD-2021-46B5-97C7-C92732EC3F91}.Debug|x64.ActiveCfg = Debug|Any CPU
		{647C83CD-2021-46B5-97C7-C92732EC3F91}.Debug|x64.Build.0 = Debug|Any CPU
		{647C83CD-2021-46B5-97C7-C92732EC3F91}.Debug|x86.ActiveCfg = Debug|Any CPU
		{647C83CD-2021-46B5-97C7-C92732EC3F91}.Debug|x86.Build.0 = Debug|Any CPU
		{647C83CD-2021-46B5-97C7-C92732EC3F91}.Release|Any CPU.ActiveCfg = Release|Any CPU
		{647C83CD-2021-46B5-97C7-C92732EC3F91}.Release|Any CPU.Build.0 = Release|Any CPU
		{647C83CD-2021-46B5-97C7-C92732EC3F91}.Release|x64.ActiveCfg = Release|Any CPU
		{647C83CD-2021-46B5-97C7-C92732EC3F91}.Release|x64.Build.0 = Release|Any CPU
		{647C83CD-2021-46B5-97C7-C92732EC3F91}.Release|x86.ActiveCfg = Release|Any CPU
		{647C83CD-2021-46B5-97C7-C92732EC3F91}.Release|x86.Build.0 = Release|Any CPU
		{AA8F5190-51A0-477B-953B-2B0BF231341A}.Debug|Any CPU.ActiveCfg = Debug|x64
		{AA8F5190-51A0-477B-953B-2B0BF231341A}.Debug|Any CPU.Build.0 = Debug|x64
		{AA8F5190-51A0-477B-953B-2B0BF231341A}.Debug|x64.ActiveCfg = Debug|x64
		{AA8F5190-51A0-477B-953B-2B0BF231341A}.Debug|x64.Build.0 = Debug|x64
		{AA8F5190-51A0-477B-953B-2B0BF231341A}.Debug|x86.ActiveCfg = Debug|x64
		{AA8F5190-51A0-477B-953B-2B0BF231341A}.Debug|x86.Build.0 = Debug|x64
		{AA8F5190-51A0-477B-953B-2B0BF231341A}.Release|Any CPU.ActiveCfg = Release|x64
		{AA8F5190-51A0-477B-953B-2B0BF231341A}.Release|x64.ActiveCfg = Release|x64
		{AA8F5190-51A0-477B-953B-2B0BF231341A}.Release|x64.Build.0 = Release|x64
		{AA8F5190-51A0-477B-953B-2B0BF231341A}.Release|x86.ActiveCfg = Release|Win32
		{AA8F5190-51A0-477B-953B-2B0BF231341A}.Release|x86.Build.0 = Release|Win32
		{D5C937E8-978E-4408-856C-FF207A2C8361}.Debug|Any CPU.ActiveCfg = Debug|x64
		{D5C937E8-978E-4408-856C-FF207A2C8361}.Debug|Any CPU.Build.0 = Debug|x64
		{D5C937E8-978E-4408-856C-FF207A2C8361}.Debug|x64.ActiveCfg = Debug|x64
		{D5C937E8-978E-4408-856C-FF207A2C8361}.Debug|x64.Build.0 = Debug|x64
		{D5C937E8-978E-4408-856C-FF207A2C8361}.Debug|x86.ActiveCfg = Debug|x64
		{D5C937E8-978E-4408-856C-FF207A2C8361}.Debug|x86.Build.0 = Debug|x64
		{D5C937E8-978E-4408-856C-FF207A2C8361}.Release|Any CPU.ActiveCfg = Release|x64
		{D5C937E8-978E-4408-856C-FF207A2C8361}.Release|x64.ActiveCfg = Release|x64
		{D5C937E8-978E-4408-856C-FF207A2C8361}.Release|x64.Build.0 = Release|x64
		{D5C937E8-978E-4408-856C-FF207A2C8361}.Release|x86.ActiveCfg = Release|Win32
		{D5C937E8-978E-4408-856C-FF207A2C8361}.Release|x86.Build.0 = Release|Win32
		{6DB056AA-F282-47D8-8342-2B39DFFB48EA}.Debug|Any CPU.ActiveCfg = Debug|Any CPU
		{6DB056AA-F282-47D8-8342-2B39DFFB48EA}.Debug|Any CPU.Build.0 = Debug|Any CPU
		{6DB056AA-F282-47D8-8342-2B39DFFB48EA}.Debug|x64.ActiveCfg = Debug|Any CPU
		{6DB056AA-F282-47D8-8342-2B39DFFB48EA}.Debug|x64.Build.0 = Debug|Any CPU
		{6DB056AA-F282-47D8-8342-2B39DFFB48EA}.Debug|x86.ActiveCfg = Debug|Any CPU
		{6DB056AA-F282-47D8-8342-2B39DFFB48EA}.Debug|x86.Build.0 = Debug|Any CPU
		{6DB056AA-F282-47D8-8342-2B39DFFB48EA}.Release|Any CPU.ActiveCfg = Release|Any CPU
		{6DB056AA-F282-47D8-8342-2B39DFFB48EA}.Release|Any CPU.Build.0 = Release|Any CPU
		{6DB056AA-F282-47D8-8342-2B39DFFB48EA}.Release|x64.ActiveCfg = Release|Any CPU
		{6DB056AA-F282-47D8-8342-2B39DFFB48EA}.Release|x64.Build.0 = Release|Any CPU
		{6DB056AA-F282-47D8-8342-2B39DFFB48EA}.Release|x86.ActiveCfg = Release|Any CPU
		{6DB056AA-F282-47D8-8342-2B39DFFB48EA}.Release|x86.Build.0 = Release|Any CPU
		{56B634DB-1521-4944-B228-8375B50C53A4}.Debug|Any CPU.ActiveCfg = Debug|Any CPU
		{56B634DB-1521-4944-B228-8375B50C53A4}.Debug|Any CPU.Build.0 = Debug|Any CPU
		{56B634DB-1521-4944-B228-8375B50C53A4}.Debug|x64.ActiveCfg = Debug|Any CPU
		{56B634DB-1521-4944-B228-8375B50C53A4}.Debug|x64.Build.0 = Debug|Any CPU
		{56B634DB-1521-4944-B228-8375B50C53A4}.Debug|x86.ActiveCfg = Debug|Any CPU
		{56B634DB-1521-4944-B228-8375B50C53A4}.Debug|x86.Build.0 = Debug|Any CPU
		{56B634DB-1521-4944-B228-8375B50C53A4}.Release|Any CPU.ActiveCfg = Release|Any CPU
		{56B634DB-1521-4944-B228-8375B50C53A4}.Release|Any CPU.Build.0 = Release|Any CPU
		{56B634DB-1521-4944-B228-8375B50C53A4}.Release|x64.ActiveCfg = Release|Any CPU
		{56B634DB-1521-4944-B228-8375B50C53A4}.Release|x64.Build.0 = Release|Any CPU
		{56B634DB-1521-4944-B228-8375B50C53A4}.Release|x86.ActiveCfg = Release|Any CPU
		{56B634DB-1521-4944-B228-8375B50C53A4}.Release|x86.Build.0 = Release|Any CPU
		{4C3A785E-A506-4562-9481-2309981E1CCA}.Debug|Any CPU.ActiveCfg = Debug|Any CPU
		{4C3A785E-A506-4562-9481-2309981E1CCA}.Debug|Any CPU.Build.0 = Debug|Any CPU
		{4C3A785E-A506-4562-9481-2309981E1CCA}.Debug|x64.ActiveCfg = Debug|Any CPU
		{4C3A785E-A506-4562-9481-2309981E1CCA}.Debug|x64.Build.0 = Debug|Any CPU
		{4C3A785E-A506-4562-9481-2309981E1CCA}.Debug|x86.ActiveCfg = Debug|Any CPU
		{4C3A785E-A506-4562-9481-2309981E1CCA}.Debug|x86.Build.0 = Debug|Any CPU
		{4C3A785E-A506-4562-9481-2309981E1CCA}.Release|Any CPU.ActiveCfg = Release|Any CPU
		{4C3A785E-A506-4562-9481-2309981E1CCA}.Release|Any CPU.Build.0 = Release|Any CPU
		{4C3A785E-A506-4562-9481-2309981E1CCA}.Release|x64.ActiveCfg = Release|Any CPU
		{4C3A785E-A506-4562-9481-2309981E1CCA}.Release|x64.Build.0 = Release|Any CPU
		{4C3A785E-A506-4562-9481-2309981E1CCA}.Release|x86.ActiveCfg = Release|Any CPU
		{4C3A785E-A506-4562-9481-2309981E1CCA}.Release|x86.Build.0 = Release|Any CPU
		{7DF22BF8-1149-430A-9134-47FADD867CFA}.Debug|Any CPU.ActiveCfg = Debug|Win32
		{7DF22BF8-1149-430A-9134-47FADD867CFA}.Debug|Any CPU.Build.0 = Debug|Win32
		{7DF22BF8-1149-430A-9134-47FADD867CFA}.Debug|x64.ActiveCfg = Debug|x64
		{7DF22BF8-1149-430A-9134-47FADD867CFA}.Debug|x64.Build.0 = Debug|x64
		{7DF22BF8-1149-430A-9134-47FADD867CFA}.Debug|x86.ActiveCfg = Debug|Win32
		{7DF22BF8-1149-430A-9134-47FADD867CFA}.Debug|x86.Build.0 = Debug|Win32
		{7DF22BF8-1149-430A-9134-47FADD867CFA}.Release|Any CPU.ActiveCfg = Release|Win32
		{7DF22BF8-1149-430A-9134-47FADD867CFA}.Release|x64.ActiveCfg = Release|x64
		{7DF22BF8-1149-430A-9134-47FADD867CFA}.Release|x64.Build.0 = Release|x64
		{7DF22BF8-1149-430A-9134-47FADD867CFA}.Release|x86.ActiveCfg = Release|Win32
		{7DF22BF8-1149-430A-9134-47FADD867CFA}.Release|x86.Build.0 = Release|Win32
		{06502B48-0E6A-4AC2-A901-B3F46FF2C58C}.Debug|Any CPU.ActiveCfg = Debug|Win32
		{06502B48-0E6A-4AC2-A901-B3F46FF2C58C}.Debug|x64.ActiveCfg = Debug|x64
		{06502B48-0E6A-4AC2-A901-B3F46FF2C58C}.Debug|x64.Build.0 = Debug|x64
		{06502B48-0E6A-4AC2-A901-B3F46FF2C58C}.Debug|x86.ActiveCfg = Debug|Win32
		{06502B48-0E6A-4AC2-A901-B3F46FF2C58C}.Debug|x86.Build.0 = Debug|Win32
		{06502B48-0E6A-4AC2-A901-B3F46FF2C58C}.Release|Any CPU.ActiveCfg = Release|Win32
		{06502B48-0E6A-4AC2-A901-B3F46FF2C58C}.Release|x64.ActiveCfg = Release|x64
		{06502B48-0E6A-4AC2-A901-B3F46FF2C58C}.Release|x64.Build.0 = Release|x64
		{06502B48-0E6A-4AC2-A901-B3F46FF2C58C}.Release|x86.ActiveCfg = Release|Win32
		{06502B48-0E6A-4AC2-A901-B3F46FF2C58C}.Release|x86.Build.0 = Release|Win32
		{744CD4E4-5D23-4614-BC78-F9054CF7481C}.Debug|Any CPU.ActiveCfg = Debug|Any CPU
		{744CD4E4-5D23-4614-BC78-F9054CF7481C}.Debug|Any CPU.Build.0 = Debug|Any CPU
		{744CD4E4-5D23-4614-BC78-F9054CF7481C}.Debug|x64.ActiveCfg = Debug|Any CPU
		{744CD4E4-5D23-4614-BC78-F9054CF7481C}.Debug|x64.Build.0 = Debug|Any CPU
		{744CD4E4-5D23-4614-BC78-F9054CF7481C}.Debug|x86.ActiveCfg = Debug|Any CPU
		{744CD4E4-5D23-4614-BC78-F9054CF7481C}.Debug|x86.Build.0 = Debug|Any CPU
		{744CD4E4-5D23-4614-BC78-F9054CF7481C}.Release|Any CPU.ActiveCfg = Release|Any CPU
		{744CD4E4-5D23-4614-BC78-F9054CF7481C}.Release|Any CPU.Build.0 = Release|Any CPU
		{744CD4E4-5D23-4614-BC78-F9054CF7481C}.Release|x64.ActiveCfg = Release|Any CPU
		{744CD4E4-5D23-4614-BC78-F9054CF7481C}.Release|x64.Build.0 = Release|Any CPU
		{744CD4E4-5D23-4614-BC78-F9054CF7481C}.Release|x86.ActiveCfg = Release|Any CPU
		{744CD4E4-5D23-4614-BC78-F9054CF7481C}.Release|x86.Build.0 = Release|Any CPU
		{B1C4C505-1C6A-4B0D-8E21-630FFA74B8FF}.Debug|Any CPU.ActiveCfg = Debug|x64
		{B1C4C505-1C6A-4B0D-8E21-630FFA74B8FF}.Debug|Any CPU.Build.0 = Debug|x64
		{B1C4C505-1C6A-4B0D-8E21-630FFA74B8FF}.Debug|x64.ActiveCfg = Debug|x64
		{B1C4C505-1C6A-4B0D-8E21-630FFA74B8FF}.Debug|x64.Build.0 = Debug|x64
		{B1C4C505-1C6A-4B0D-8E21-630FFA74B8FF}.Debug|x86.ActiveCfg = Debug|Win32
		{B1C4C505-1C6A-4B0D-8E21-630FFA74B8FF}.Debug|x86.Build.0 = Debug|Win32
		{B1C4C505-1C6A-4B0D-8E21-630FFA74B8FF}.Release|Any CPU.ActiveCfg = Release|Win32
		{B1C4C505-1C6A-4B0D-8E21-630FFA74B8FF}.Release|x64.ActiveCfg = Release|x64
		{B1C4C505-1C6A-4B0D-8E21-630FFA74B8FF}.Release|x64.Build.0 = Release|x64
		{B1C4C505-1C6A-4B0D-8E21-630FFA74B8FF}.Release|x86.ActiveCfg = Release|Win32
		{B1C4C505-1C6A-4B0D-8E21-630FFA74B8FF}.Release|x86.Build.0 = Release|Win32
	EndGlobalSection
	GlobalSection(SolutionProperties) = preSolution
		HideSolutionNode = FALSE
	EndGlobalSection
	GlobalSection(NestedProjects) = preSolution
		{4C39B637-255A-4E50-A8BD-B4064511F9E7} = {BA10D299-7A0F-4A06-9B7D-89FAE4618667}
		{647C83CD-2021-46B5-97C7-C92732EC3F91} = {AD1F1887-296A-40E2-80D3-0834D99BBD2A}
		{AA8F5190-51A0-477B-953B-2B0BF231341A} = {413A0C6F-5731-4B85-B4D3-BFEB260B9650}
		{D5C937E8-978E-4408-856C-FF207A2C8361} = {413A0C6F-5731-4B85-B4D3-BFEB260B9650}
		{6DB056AA-F282-47D8-8342-2B39DFFB48EA} = {AD1F1887-296A-40E2-80D3-0834D99BBD2A}
		{56B634DB-1521-4944-B228-8375B50C53A4} = {AD1F1887-296A-40E2-80D3-0834D99BBD2A}
		{4C3A785E-A506-4562-9481-2309981E1CCA} = {AD1F1887-296A-40E2-80D3-0834D99BBD2A}
		{7DF22BF8-1149-430A-9134-47FADD867CFA} = {BA10D299-7A0F-4A06-9B7D-89FAE4618667}
		{413A0C6F-5731-4B85-B4D3-BFEB260B9650} = {84C07C6B-7B9D-4A1B-9C54-EFCF4B2D79B5}
		{BA10D299-7A0F-4A06-9B7D-89FAE4618667} = {84C07C6B-7B9D-4A1B-9C54-EFCF4B2D79B5}
		{06502B48-0E6A-4AC2-A901-B3F46FF2C58C} = {BA10D299-7A0F-4A06-9B7D-89FAE4618667}
		{744CD4E4-5D23-4614-BC78-F9054CF7481C} = {AD1F1887-296A-40E2-80D3-0834D99BBD2A}
		{B1C4C505-1C6A-4B0D-8E21-630FFA74B8FF} = {413A0C6F-5731-4B85-B4D3-BFEB260B9650}
	EndGlobalSection
	GlobalSection(ExtensibilityGlobals) = postSolution
		SolutionGuid = {D383B997-8938-4D74-923C-6311F103EE1C}
	EndGlobalSection
EndGlobal
