
Microsoft Visual Studio Solution File, Format Version 12.00
# Visual Studio 15
VisualStudioVersion = 15.0.27130.2026
MinimumVisualStudioVersion = 10.0.40219.1
Project("{8BC9CEB8-8B4A-11D0-8D11-00A0C91BC942}") = "Tools", "Injection\Injection.vcxproj", "{5B5B119B-3CC5-431F-86AD-D80FE0E9FC23}"
EndProject
Project("{8BC9CEB8-8B4A-11D0-8D11-00A0C91BC942}") = "Mapping", "Mapping\Mapping\Mapping.vcxproj", "{4C39B637-255A-4E50-A8BD-B4064511F9E7}"
EndProject
Project("{2150E333-8FDC-42A3-9474-1A3956D46DE8}") = "Native", "Native", "{84C07C6B-7B9D-4A1B-9C54-EFCF4B2D79B5}"
EndProject
Project("{2150E333-8FDC-42A3-9474-1A3956D46DE8}") = "Core", "Core", "{AD1F1887-296A-40E2-80D3-0834D99BBD2A}"
EndProject
Project("{FAE04EC0-301F-11D3-BF4B-00C04F79EFBC}") = "PacketEditor", "PacketEditor\PacketEditor.csproj", "{647C83CD-2021-46B5-97C7-C92732EC3F91}"
EndProject
Project("{FAE04EC0-301F-11D3-BF4B-00C04F79EFBC}") = "NetRelay", "NetRelay\NetRelay.csproj", "{727CD3F2-39ED-4CB3-A5C6-17F4A2EF9F69}"
EndProject
Project("{8BC9CEB8-8B4A-11D0-8D11-00A0C91BC942}") = "MappingTests", "MappingTests\MappingTests.vcxproj", "{5D27EB6E-9D75-4C4C-A748-EF6033E36929}"
EndProject
Project("{FAE04EC0-301F-11D3-BF4B-00C04F79EFBC}") = "NetMapping", "NetMapping\NetMapping.csproj", "{6979DE9D-FBA7-4001-BC8A-B487D529D2CA}"
EndProject
Project("{8BC9CEB8-8B4A-11D0-8D11-00A0C91BC942}") = "Mapping64", "Mapping64\Mapping64.vcxproj", "{AA8F5190-51A0-477B-953B-2B0BF231341A}"
EndProject
Project("{8BC9CEB8-8B4A-11D0-8D11-00A0C91BC942}") = "Tools64", "Tools64\Tools64.vcxproj", "{D5C937E8-978E-4408-856C-FF207A2C8361}"
EndProject
Global
	GlobalSection(SolutionConfigurationPlatforms) = preSolution
		Debug|Any CPU = Debug|Any CPU
		Debug|x64 = Debug|x64
		Debug|x86 = Debug|x86
		Release|Any CPU = Release|Any CPU
		Release|x64 = Release|x64
		Release|x86 = Release|x86
	EndGlobalSection
	GlobalSection(ProjectConfigurationPlatforms) = postSolution
		{5B5B119B-3CC5-431F-86AD-D80FE0E9FC23}.Debug|Any CPU.ActiveCfg = Debug|x64
		{5B5B119B-3CC5-431F-86AD-D80FE0E9FC23}.Debug|x64.ActiveCfg = Debug|Win32
		{5B5B119B-3CC5-431F-86AD-D80FE0E9FC23}.Debug|x64.Build.0 = Debug|Win32
		{5B5B119B-3CC5-431F-86AD-D80FE0E9FC23}.Debug|x86.ActiveCfg = Debug|Win32
		{5B5B119B-3CC5-431F-86AD-D80FE0E9FC23}.Debug|x86.Build.0 = Debug|Win32
		{5B5B119B-3CC5-431F-86AD-D80FE0E9FC23}.Release|Any CPU.ActiveCfg = Release|Win32
		{5B5B119B-3CC5-431F-86AD-D80FE0E9FC23}.Release|x64.ActiveCfg = Release|x64
		{5B5B119B-3CC5-431F-86AD-D80FE0E9FC23}.Release|x64.Build.0 = Release|x64
		{5B5B119B-3CC5-431F-86AD-D80FE0E9FC23}.Release|x86.ActiveCfg = Release|Win32
		{5B5B119B-3CC5-431F-86AD-D80FE0E9FC23}.Release|x86.Build.0 = Release|Win32
		{4C39B637-255A-4E50-A8BD-B4064511F9E7}.Debug|Any CPU.ActiveCfg = Debug|Win32
		{4C39B637-255A-4E50-A8BD-B4064511F9E7}.Debug|x64.ActiveCfg = Debug|Win32
		{4C39B637-255A-4E50-A8BD-B4064511F9E7}.Debug|x64.Build.0 = Debug|Win32
		{4C39B637-255A-4E50-A8BD-B4064511F9E7}.Debug|x86.ActiveCfg = Debug|Win32
		{4C39B637-255A-4E50-A8BD-B4064511F9E7}.Debug|x86.Build.0 = Debug|Win32
		{4C39B637-255A-4E50-A8BD-B4064511F9E7}.Release|Any CPU.ActiveCfg = Release|Win32
		{4C39B637-255A-4E50-A8BD-B4064511F9E7}.Release|x64.ActiveCfg = Release|x64
		{4C39B637-255A-4E50-A8BD-B4064511F9E7}.Release|x64.Build.0 = Release|x64
		{4C39B637-255A-4E50-A8BD-B4064511F9E7}.Release|x86.ActiveCfg = Release|Win32
		{4C39B637-255A-4E50-A8BD-B4064511F9E7}.Release|x86.Build.0 = Release|Win32
		{647C83CD-2021-46B5-97C7-C92732EC3F91}.Debug|Any CPU.ActiveCfg = Debug|Any CPU
		{647C83CD-2021-46B5-97C7-C92732EC3F91}.Debug|Any CPU.Build.0 = Debug|Any CPU
		{647C83CD-2021-46B5-97C7-C92732EC3F91}.Debug|x64.ActiveCfg = Debug|Any CPU
		{647C83CD-2021-46B5-97C7-C92732EC3F91}.Debug|x64.Build.0 = Debug|Any CPU
		{647C83CD-2021-46B5-97C7-C92732EC3F91}.Debug|x86.ActiveCfg = Debug|Any CPU
		{647C83CD-2021-46B5-97C7-C92732EC3F91}.Debug|x86.Build.0 = Debug|Any CPU
		{647C83CD-2021-46B5-97C7-C92732EC3F91}.Release|Any CPU.ActiveCfg = Release|Any CPU
		{647C83CD-2021-46B5-97C7-C92732EC3F91}.Release|Any CPU.Build.0 = Release|Any CPU
		{647C83CD-2021-46B5-97C7-C92732EC3F91}.Release|x64.ActiveCfg = Release|Any CPU
		{647C83CD-2021-46B5-97C7-C92732EC3F91}.Release|x64.Build.0 = Release|Any CPU
		{647C83CD-2021-46B5-97C7-C92732EC3F91}.Release|x86.ActiveCfg = Release|Any CPU
		{647C83CD-2021-46B5-97C7-C92732EC3F91}.Release|x86.Build.0 = Release|Any CPU
		{727CD3F2-39ED-4CB3-A5C6-17F4A2EF9F69}.Debug|Any CPU.ActiveCfg = Debug|Any CPU
		{727CD3F2-39ED-4CB3-A5C6-17F4A2EF9F69}.Debug|Any CPU.Build.0 = Debug|Any CPU
		{727CD3F2-39ED-4CB3-A5C6-17F4A2EF9F69}.Debug|x64.ActiveCfg = Debug|Any CPU
		{727CD3F2-39ED-4CB3-A5C6-17F4A2EF9F69}.Debug|x64.Build.0 = Debug|Any CPU
		{727CD3F2-39ED-4CB3-A5C6-17F4A2EF9F69}.Debug|x86.ActiveCfg = Debug|Any CPU
		{727CD3F2-39ED-4CB3-A5C6-17F4A2EF9F69}.Debug|x86.Build.0 = Debug|Any CPU
		{727CD3F2-39ED-4CB3-A5C6-17F4A2EF9F69}.Release|Any CPU.ActiveCfg = Release|Any CPU
		{727CD3F2-39ED-4CB3-A5C6-17F4A2EF9F69}.Release|Any CPU.Build.0 = Release|Any CPU
		{727CD3F2-39ED-4CB3-A5C6-17F4A2EF9F69}.Release|x64.ActiveCfg = Release|Any CPU
		{727CD3F2-39ED-4CB3-A5C6-17F4A2EF9F69}.Release|x64.Build.0 = Release|Any CPU
		{727CD3F2-39ED-4CB3-A5C6-17F4A2EF9F69}.Release|x86.ActiveCfg = Release|Any CPU
		{727CD3F2-39ED-4CB3-A5C6-17F4A2EF9F69}.Release|x86.Build.0 = Release|Any CPU
		{5D27EB6E-9D75-4C4C-A748-EF6033E36929}.Debug|Any CPU.ActiveCfg = Debug|Win32
		{5D27EB6E-9D75-4C4C-A748-EF6033E36929}.Debug|x64.ActiveCfg = Debug|x64
		{5D27EB6E-9D75-4C4C-A748-EF6033E36929}.Debug|x64.Build.0 = Debug|x64
		{5D27EB6E-9D75-4C4C-A748-EF6033E36929}.Debug|x86.ActiveCfg = Debug|Win32
		{5D27EB6E-9D75-4C4C-A748-EF6033E36929}.Debug|x86.Build.0 = Debug|Win32
		{5D27EB6E-9D75-4C4C-A748-EF6033E36929}.Release|Any CPU.ActiveCfg = Release|Win32
		{5D27EB6E-9D75-4C4C-A748-EF6033E36929}.Release|x64.ActiveCfg = Release|x64
		{5D27EB6E-9D75-4C4C-A748-EF6033E36929}.Release|x64.Build.0 = Release|x64
		{5D27EB6E-9D75-4C4C-A748-EF6033E36929}.Release|x86.ActiveCfg = Release|Win32
		{5D27EB6E-9D75-4C4C-A748-EF6033E36929}.Release|x86.Build.0 = Release|Win32
		{6979DE9D-FBA7-4001-BC8A-B487D529D2CA}.Debug|Any CPU.ActiveCfg = Debug|Any CPU
		{6979DE9D-FBA7-4001-BC8A-B487D529D2CA}.Debug|Any CPU.Build.0 = Debug|Any CPU
		{6979DE9D-FBA7-4001-BC8A-B487D529D2CA}.Debug|x64.ActiveCfg = Debug|Any CPU
		{6979DE9D-FBA7-4001-BC8A-B487D529D2CA}.Debug|x64.Build.0 = Debug|Any CPU
		{6979DE9D-FBA7-4001-BC8A-B487D529D2CA}.Debug|x86.ActiveCfg = Debug|Any CPU
		{6979DE9D-FBA7-4001-BC8A-B487D529D2CA}.Debug|x86.Build.0 = Debug|Any CPU
		{6979DE9D-FBA7-4001-BC8A-B487D529D2CA}.Release|Any CPU.ActiveCfg = Release|Any CPU
		{6979DE9D-FBA7-4001-BC8A-B487D529D2CA}.Release|Any CPU.Build.0 = Release|Any CPU
		{6979DE9D-FBA7-4001-BC8A-B487D529D2CA}.Release|x64.ActiveCfg = Release|Any CPU
		{6979DE9D-FBA7-4001-BC8A-B487D529D2CA}.Release|x64.Build.0 = Release|Any CPU
		{6979DE9D-FBA7-4001-BC8A-B487D529D2CA}.Release|x86.ActiveCfg = Release|Any CPU
		{6979DE9D-FBA7-4001-BC8A-B487D529D2CA}.Release|x86.Build.0 = Release|Any CPU
		{AA8F5190-51A0-477B-953B-2B0BF231341A}.Debug|Any CPU.ActiveCfg = Debug|Win32
		{AA8F5190-51A0-477B-953B-2B0BF231341A}.Debug|x64.ActiveCfg = Debug|x64
		{AA8F5190-51A0-477B-953B-2B0BF231341A}.Debug|x64.Build.0 = Debug|x64
		{AA8F5190-51A0-477B-953B-2B0BF231341A}.Debug|x86.ActiveCfg = Debug|x64
		{AA8F5190-51A0-477B-953B-2B0BF231341A}.Debug|x86.Build.0 = Debug|x64
		{AA8F5190-51A0-477B-953B-2B0BF231341A}.Release|Any CPU.ActiveCfg = Release|Win32
		{AA8F5190-51A0-477B-953B-2B0BF231341A}.Release|x64.ActiveCfg = Release|x64
		{AA8F5190-51A0-477B-953B-2B0BF231341A}.Release|x64.Build.0 = Release|x64
		{AA8F5190-51A0-477B-953B-2B0BF231341A}.Release|x86.ActiveCfg = Release|Win32
		{AA8F5190-51A0-477B-953B-2B0BF231341A}.Release|x86.Build.0 = Release|Win32
		{D5C937E8-978E-4408-856C-FF207A2C8361}.Debug|Any CPU.ActiveCfg = Debug|Win32
		{D5C937E8-978E-4408-856C-FF207A2C8361}.Debug|x64.ActiveCfg = Debug|x64
		{D5C937E8-978E-4408-856C-FF207A2C8361}.Debug|x64.Build.0 = Debug|x64
		{D5C937E8-978E-4408-856C-FF207A2C8361}.Debug|x86.ActiveCfg = Debug|x64
		{D5C937E8-978E-4408-856C-FF207A2C8361}.Debug|x86.Build.0 = Debug|x64
		{D5C937E8-978E-4408-856C-FF207A2C8361}.Release|Any CPU.ActiveCfg = Release|Win32
		{D5C937E8-978E-4408-856C-FF207A2C8361}.Release|x64.ActiveCfg = Release|x64
		{D5C937E8-978E-4408-856C-FF207A2C8361}.Release|x64.Build.0 = Release|x64
		{D5C937E8-978E-4408-856C-FF207A2C8361}.Release|x86.ActiveCfg = Release|Win32
		{D5C937E8-978E-4408-856C-FF207A2C8361}.Release|x86.Build.0 = Release|Win32
	EndGlobalSection
	GlobalSection(SolutionProperties) = preSolution
		HideSolutionNode = FALSE
	EndGlobalSection
	GlobalSection(NestedProjects) = preSolution
		{5B5B119B-3CC5-431F-86AD-D80FE0E9FC23} = {84C07C6B-7B9D-4A1B-9C54-EFCF4B2D79B5}
		{4C39B637-255A-4E50-A8BD-B4064511F9E7} = {84C07C6B-7B9D-4A1B-9C54-EFCF4B2D79B5}
		{647C83CD-2021-46B5-97C7-C92732EC3F91} = {AD1F1887-296A-40E2-80D3-0834D99BBD2A}
		{727CD3F2-39ED-4CB3-A5C6-17F4A2EF9F69} = {AD1F1887-296A-40E2-80D3-0834D99BBD2A}
		{5D27EB6E-9D75-4C4C-A748-EF6033E36929} = {84C07C6B-7B9D-4A1B-9C54-EFCF4B2D79B5}
		{AA8F5190-51A0-477B-953B-2B0BF231341A} = {84C07C6B-7B9D-4A1B-9C54-EFCF4B2D79B5}
		{D5C937E8-978E-4408-856C-FF207A2C8361} = {84C07C6B-7B9D-4A1B-9C54-EFCF4B2D79B5}
	EndGlobalSection
	GlobalSection(ExtensibilityGlobals) = postSolution
		SolutionGuid = {D383B997-8938-4D74-923C-6311F103EE1C}
	EndGlobalSection
EndGlobal
